
Microsoft Visual Studio Solution File, Format Version 12.00
# Visual Studio Version 17
VisualStudioVersion = 17.13.35825.156 d17.13
MinimumVisualStudioVersion = 16.0.0.0
Project("{9A19103F-16F7-4668-BE54-9A1E7A4F7556}") = "Auth0", "Auth0\Auth0.csproj", "{B0843993-33CC-437C-829A-74B0514D4705}"
EndProject
Project("{9A19103F-16F7-4668-BE54-9A1E7A4F7556}") = "Auth0.Client", "Auth0.Client\Auth0.Client.csproj", "{752085B2-FE27-4870-9241-991C5DD95DB3}"
EndProject
Global
	GlobalSection(SolutionConfigurationPlatforms) = preSolution
		Debug|Any CPU = Debug|Any CPU
		Debug|x64 = Debug|x64
		Debug|x86 = Debug|x86
		Release|Any CPU = Release|Any CPU
		Release|x64 = Release|x64
		Release|x86 = Release|x86
	EndGlobalSection
	GlobalSection(ProjectConfigurationPlatforms) = postSolution
		{B0843993-33CC-437C-829A-74B0514D4705}.Debug|Any CPU.ActiveCfg = Debug|Any CPU
		{B0843993-33CC-437C-829A-74B0514D4705}.Debug|Any CPU.Build.0 = Debug|Any CPU
		{B0843993-33CC-437C-829A-74B0514D4705}.Debug|x64.ActiveCfg = Debug|Any CPU
		{B0843993-33CC-437C-829A-74B0514D4705}.Debug|x64.Build.0 = Debug|Any CPU
		{B0843993-33CC-437C-829A-74B0514D4705}.Debug|x86.ActiveCfg = Debug|Any CPU
		{B0843993-33CC-437C-829A-74B0514D4705}.Debug|x86.Build.0 = Debug|Any CPU
		{B0843993-33CC-437C-829A-74B0514D4705}.Release|Any CPU.ActiveCfg = Release|Any CPU
		{B0843993-33CC-437C-829A-74B0514D4705}.Release|Any CPU.Build.0 = Release|Any CPU
		{B0843993-33CC-437C-829A-74B0514D4705}.Release|x64.ActiveCfg = Release|Any CPU
		{B0843993-33CC-437C-829A-74B0514D4705}.Release|x64.Build.0 = Release|Any CPU
		{B0843993-33CC-437C-829A-74B0514D4705}.Release|x86.ActiveCfg = Release|Any CPU
		{B0843993-33CC-437C-829A-74B0514D4705}.Release|x86.Build.0 = Release|Any CPU
		{752085B2-FE27-4870-9241-991C5DD95DB3}.Debug|Any CPU.ActiveCfg = Debug|Any CPU
		{752085B2-FE27-4870-9241-991C5DD95DB3}.Debug|Any CPU.Build.0 = Debug|Any CPU
		{752085B2-FE27-4870-9241-991C5DD95DB3}.Debug|x64.ActiveCfg = Debug|Any CPU
		{752085B2-FE27-4870-9241-991C5DD95DB3}.Debug|x64.Build.0 = Debug|Any CPU
		{752085B2-FE27-4870-9241-991C5DD95DB3}.Debug|x86.ActiveCfg = Debug|Any CPU
		{752085B2-FE27-4870-9241-991C5DD95DB3}.Debug|x86.Build.0 = Debug|Any CPU
		{752085B2-FE27-4870-9241-991C5DD95DB3}.Release|Any CPU.ActiveCfg = Release|Any CPU
		{752085B2-FE27-4870-9241-991C5DD95DB3}.Release|Any CPU.Build.0 = Release|Any CPU
		{752085B2-FE27-4870-9241-991C5DD95DB3}.Release|x64.ActiveCfg = Release|Any CPU
		{752085B2-FE27-4870-9241-991C5DD95DB3}.Release|x64.Build.0 = Release|Any CPU
		{752085B2-FE27-4870-9241-991C5DD95DB3}.Release|x86.ActiveCfg = Release|Any CPU
		{752085B2-FE27-4870-9241-991C5DD95DB3}.Release|x86.Build.0 = Release|Any CPU
	EndGlobalSection
	GlobalSection(SolutionProperties) = preSolution
		HideSolutionNode = FALSE
	EndGlobalSection
	GlobalSection(ExtensibilityGlobals) = postSolution
		SolutionGuid = {DBCF0F67-BE28-4ACB-AA34-CCA228BC48A5}
	EndGlobalSection
EndGlobal
